<?xml version="1.0" encoding="UTF-8" standalone="yes" ?>
<CodeBlocks_project_file>
	<FileVersion major="1" minor="6" />
	<Project>
		<Option title="sumwars" />
		<Option pch_mode="2" />
		<Option compiler="gcc" />
		<Build>
			<Target title="Debug">
				<Option output="..\sumwars_dbg" prefix_auto="1" extension_auto="1" />
				<Option working_dir=".." />
				<Option object_output="obj\Debug\" />
				<Option type="1" />
				<Option compiler="gcc" />
				<Compiler>
					<Add option="-g" />
					<Add option="-D_DEBUG" />
					<Add option="-DDEBUG_LEVEL=5" />
				</Compiler>
				<Linker>
					<Add library="OgreMain" />
					<Add library="OIS" />
					<Add library="OgreGUIRenderer" />
					<Add library="CEGUIBase" />
				</Linker>
			</Target>
			<Target title="Release">
				<Option output="..\sumwars" prefix_auto="1" extension_auto="1" />
				<Option working_dir=".." />
				<Option object_output="obj\Release\" />
				<Option type="1" />
				<Option compiler="gcc" />
				<Compiler>
					<Add option="-O2" />
					<Add option="-DNDEBUG" />
					<Add option="-DDEBUG_LEVEL=5" />
				</Compiler>
				<Linker>
					<Add option="-s" />
					<Add library="OgreMain" />
					<Add library="OIS" />
					<Add library="OgreGUIRenderer" />
					<Add library="CEGUIBase" />
				</Linker>
			</Target>
		</Build>
		<Compiler>
			<Add option="-Wall" />
			<Add option="-mthreads" />
			<Add option="-fmessage-length=0" />
			<Add option="-fexceptions" />
			<Add option="-fident" />
			<Add option="-DWIN32" />
			<Add option="-D_WINDOWS" />
			<Add directory="$(OGRE_HOME)\include" />
			<Add directory="$(OGRE_HOME)\samples\include" />
			<Add directory="$(OGRE_HOME)\samples\refapp\include" />
			<Add directory=".\core" />
			<Add directory=".\gui" />
			<Add directory="..\Dependencies\nlfg" />
		</Compiler>
		<Linker>
			<Add library="libenet.a" />
			<Add library="libwsock32.a" />
			<Add library="alut" />
			<Add library="OpenAL32" />
			<Add library="lua51" />
			<Add library="ogg" />
			<Add library="vorbis" />
			<Add library="vorbisfile" />
			<Add library="libpthreadGC2.a" />
			<Add library="..\..\..\..\..\MinGW\lib\libintl.lib" />
			<Add directory="$(OGRE_HOME)\lib" />
			<Add directory="$(OGRE_HOME)\bin\Debug" />
			<Add directory="$(OGRE_HOME)\bin\Release" />
		</Linker>
		<Unit filename="..\Dependencies\nlfg\nlfg.c">
			<Option compilerVar="CC" />
		</Unit>
		<Unit filename="..\Dependencies\nlfg\nlfg.h" />
		<Unit filename="core\action.cpp" />
		<Unit filename="core\action.h" />
		<Unit filename="core\charconv.cpp" />
		<Unit filename="core\charconv.h" />
		<Unit filename="core\clientnetwork.h" />
		<Unit filename="core\command.cpp" />
		<Unit filename="core\command.h" />
		<Unit filename="core\creature.cpp" />
		<Unit filename="core\creature.h" />
		<Unit filename="core\creaturestruct.cpp" />
		<Unit filename="core\creaturestruct.h" />
		<Unit filename="core\damage.cpp" />
		<Unit filename="core\damage.h" />
		<Unit filename="core\debug.cpp" />
		<Unit filename="core\debug.h" />
		<Unit filename="core\dialogue.cpp" />
		<Unit filename="core\dialogue.h" />
		<Unit filename="core\document.cpp" />
		<Unit filename="core\document.h" />
		<Unit filename="core\dropitem.cpp" />
		<Unit filename="core\dropitem.h" />
		<Unit filename="core\dropslot.h" />
		<Unit filename="core\elementattrib.cpp" />
		<Unit filename="core\elementattrib.h" />
		<Unit filename="core\event.cpp" />
		<Unit filename="core\event.h" />
		<Unit filename="core\eventsystem.cpp" />
		<Unit filename="core\eventsystem.h" />
		<Unit filename="core\fixedobject.cpp" />
		<Unit filename="core\fixedobject.h" />
		<Unit filename="core\fraction.cpp" />
		<Unit filename="core\fraction.h" />
		<Unit filename="core\gameobject.cpp" />
		<Unit filename="core\gameobject.h" />
		<Unit filename="core\geometry.cpp" />
		<Unit filename="core\geometry.h" />
		<Unit filename="core\gettext.cpp" />
		<Unit filename="core\gettext.h" />
		<Unit filename="core\gridunit.cpp" />
		<Unit filename="core\gridunit.h" />
		<Unit filename="core\item.cpp" />
		<Unit filename="core\item.h" />
		<Unit filename="core\itemfactory.cpp" />
		<Unit filename="core\itemfactory.h" />
		<Unit filename="core\itemlist.cpp" />
		<Unit filename="core\itemlist.h" />
		<Unit filename="core\itemloader.cpp" />
		<Unit filename="core\itemloader.h" />
		<Unit filename="core\logger.cpp" />
		<Unit filename="core\logger.h" />
		<Unit filename="core\mapgenerator.cpp" />
		<Unit filename="core\mapgenerator.h" />
		<Unit filename="core\matrix2d.h" />
		<Unit filename="core\minimap.cpp" />
		<Unit filename="core\minimap.h" />
		<Unit filename="core\monster.cpp" />
		<Unit filename="core\monster.h" />
		<Unit filename="core\monsterbase.h" />
		<Unit filename="core\netevent.h" />
		<Unit filename="core\network.h" />
		<Unit filename="core\networkstruct.cpp" />
		<Unit filename="core\networkstruct.h" />
		<Unit filename="core\nlfgclientnetwork.cpp" />
		<Unit filename="core\nlfgclientnetwork.h" />
		<Unit filename="core\nlfgnetworkpacket.cpp" />
		<Unit filename="core\nlfgnetworkpacket.h" />
		<Unit filename="core\nlfgservernetwork.cpp" />
		<Unit filename="core\nlfgservernetwork.h" />
		<Unit filename="core\objectfactory.cpp" />
		<Unit filename="core\objectfactory.h" />
		<Unit filename="core\objectloader.cpp" />
		<Unit filename="core\objectloader.h" />
		<Unit filename="core\options.cpp" />
		<Unit filename="core\options.h" />
		<Unit filename="core\party.cpp" />
		<Unit filename="core\party.h" />
		<Unit filename="core\pathfind.cpp" />
		<Unit filename="core\pathfind.h" />
		<Unit filename="core\player.cpp" />
		<Unit filename="core\player.h" />
		<Unit filename="core\playerbase.cpp" />
		<Unit filename="core\playerbase.h" />
		<Unit filename="core\projectile.cpp" />
		<Unit filename="core\projectile.h" />
		<Unit filename="core\quest.cpp" />
		<Unit filename="core\quest.h" />
		<Unit filename="core\random.cpp" />
		<Unit filename="core\random.h" />
		<Unit filename="core\region.cpp" />
		<Unit filename="core\region.h" />
		<Unit filename="core\scriptobject.cpp" />
		<Unit filename="core\scriptobject.h" />
		<Unit filename="core\servernetwork.cpp" />
		<Unit filename="core\servernetwork.h" />
		<Unit filename="core\spawnpoint.cpp" />
		<Unit filename="core\spawnpoint.h" />
		<Unit filename="core\stdstreamconv.cpp" />
		<Unit filename="core\stdstreamconv.h" />
		<Unit filename="core\templateloader.cpp" />
		<Unit filename="core\templateloader.h" />
		<Unit filename="core\tiles.h" />
		<Unit filename="core\timer.h" />
		<Unit filename="core\translatablestring.cpp" />
		<Unit filename="core\translatablestring.h" />
		<Unit filename="core\treasure.cpp" />
		<Unit filename="core\treasure.h" />
		<Unit filename="core\treasurebase.h" />
		<Unit filename="core\unionfindtree.cpp" />
		<Unit filename="core\unionfindtree.h" />
		<Unit filename="core\waypoint.cpp" />
		<Unit filename="core\waypoint.h" />
		<Unit filename="core\world.cpp" />
		<Unit filename="core\world.h" />
		<Unit filename="core\worldloader.cpp" />
		<Unit filename="core\worldloader.h" />
		<Unit filename="core\worldobject.cpp" />
		<Unit filename="core\worldobject.h" />
		<Unit filename="gui\application.cpp" />
		<Unit filename="gui\application.h" />
		<Unit filename="gui\charcreate.cpp" />
		<Unit filename="gui\charcreate.h" />
		<Unit filename="gui\charinfo.cpp" />
		<Unit filename="gui\charinfo.h" />
		<Unit filename="gui\chatline.cpp" />
		<Unit filename="gui\chatline.h" />
		<Unit filename="gui\controlpanel.cpp" />
		<Unit filename="gui\controlpanel.h" />
		<Unit filename="gui\creditswindow.cpp" />
		<Unit filename="gui\creditswindow.h" />
		<Unit filename="gui\dialoguewindow.cpp" />
		<Unit filename="gui\dialoguewindow.h" />
		<Unit filename="gui\graphicmanager.cpp" />
		<Unit filename="gui\graphicmanager.h" />
		<Unit filename="gui\graphicobject.cpp" />
		<Unit filename="gui\graphicobject.h" />
		<Unit filename="gui\graphicobjectrenderinfo.cpp" />
		<Unit filename="gui\graphicobjectrenderinfo.h" />
		<Unit filename="gui\inventory.cpp" />
		<Unit filename="gui\inventory.h" />
		<Unit filename="gui\itemwindow.cpp" />
		<Unit filename="gui\itemwindow.h" />
		<Unit filename="gui\listitem.h" />
		<Unit filename="gui\main_gui.cpp" />
		<Unit filename="gui\mainmenu.cpp" />
		<Unit filename="gui\mainmenu.h" />
		<Unit filename="gui\mainwindow.cpp" />
		<Unit filename="gui\mainwindow.h" />
		<Unit filename="gui\messageboxes.cpp" />
		<Unit filename="gui\messageboxes.h" />
		<Unit filename="gui\minimapwindow.cpp" />
		<Unit filename="gui\minimapwindow.h" />
		<Unit filename="gui\music.cpp" />
		<Unit filename="gui\music.h" />
		<Unit filename="gui\networkwindows.cpp" />
		<Unit filename="gui\networkwindows.h" />
		<Unit filename="gui\ogg.cpp" />
		<Unit filename="gui\ogg.h" />
		<Unit filename="gui\optionswindow.cpp" />
		<Unit filename="gui\optionswindow.h" />
		<Unit filename="gui\partyinfo.cpp" />
		<Unit filename="gui\partyinfo.h" />
		<Unit filename="gui\questinfo.cpp" />
		<Unit filename="gui\questinfo.h" />
		<Unit filename="gui\savegamelist.cpp" />
		<Unit filename="gui\savegamelist.h" />
		<Unit filename="gui\scene.cpp" />
		<Unit filename="gui\scene.h" />
		<Unit filename="gui\skilltree.cpp" />
		<Unit filename="gui\skilltree.h" />
		<Unit filename="gui\sound.cpp" />
		<Unit filename="gui\sound.h" />
		<Unit filename="gui\tooltip.cpp" />
		<Unit filename="gui\tooltip.h" />
		<Unit filename="gui\tradewindow.cpp" />
		<Unit filename="gui\tradewindow.h" />
		<Unit filename="gui\window.h" />
		<Unit filename="gui\worldmap.cpp" />
		<Unit filename="gui\worldmap.h" />
		<Unit filename="tinyxml\tinystr.cpp" />
		<Unit filename="tinyxml\tinystr.h" />
		<Unit filename="tinyxml\tinyxml.cpp" />
		<Unit filename="tinyxml\tinyxml.h" />
		<Unit filename="tinyxml\tinyxmlerror.cpp" />
		<Unit filename="tinyxml\tinyxmlparser.cpp" />
		<Extensions>
			<code_completion />
			<debugger />
		</Extensions>
	</Project>
</CodeBlocks_project_file>
